// !$*UTF8*$!
{
	archiveVersion = 1;
	classes = {
	};
	objectVersion = 50;
	objects = {

/* Begin PBXBuildFile section */
		3AFD55AA22C5228E0072EA01 /* AppDelegate.swift in Sources */ = {isa = PBXBuildFile; fileRef = 3AFD55A922C5228E0072EA01 /* AppDelegate.swift */; };
		3AFD55AF22C5228E0072EA01 /* Main.storyboard in Resources */ = {isa = PBXBuildFile; fileRef = 3AFD55AD22C5228E0072EA01 /* Main.storyboard */; };
		3AFD55B122C5228F0072EA01 /* Assets.xcassets in Resources */ = {isa = PBXBuildFile; fileRef = 3AFD55B022C5228F0072EA01 /* Assets.xcassets */; };
		3AFD55B422C5228F0072EA01 /* LaunchScreen.storyboard in Resources */ = {isa = PBXBuildFile; fileRef = 3AFD55B222C5228F0072EA01 /* LaunchScreen.storyboard */; };
		3AFD55BE22C525800072EA01 /* AppleItemTableViewController.swift in Sources */ = {isa = PBXBuildFile; fileRef = 3AFD55BD22C525800072EA01 /* AppleItemTableViewController.swift */; };
		3AFD55C222C525FA0072EA01 /* AppleItemTableViewCell.swift in Sources */ = {isa = PBXBuildFile; fileRef = 3AFD55C122C525FA0072EA01 /* AppleItemTableViewCell.swift */; };
		3AFD55C422C529AB0072EA01 /* AppleItem.swift in Sources */ = {isa = PBXBuildFile; fileRef = 3AFD55C322C529AB0072EA01 /* AppleItem.swift */; };
		3AFD55C722C52C240072EA01 /* AppleItemController.swift in Sources */ = {isa = PBXBuildFile; fileRef = 3AFD55C622C52C240072EA01 /* AppleItemController.swift */; };
/* End PBXBuildFile section */

/* Begin PBXFileReference section */
		3AFD55A622C5228E0072EA01 /* AppleSearch27.app */ = {isa = PBXFileReference; explicitFileType = wrapper.application; includeInIndex = 0; path = AppleSearch27.app; sourceTree = BUILT_PRODUCTS_DIR; };
		3AFD55A922C5228E0072EA01 /* AppDelegate.swift */ = {isa = PBXFileReference; lastKnownFileType = sourcecode.swift; path = AppDelegate.swift; sourceTree = "<group>"; };
		3AFD55AE22C5228E0072EA01 /* Base */ = {isa = PBXFileReference; lastKnownFileType = file.storyboard; name = Base; path = Base.lproj/Main.storyboard; sourceTree = "<group>"; };
		3AFD55B022C5228F0072EA01 /* Assets.xcassets */ = {isa = PBXFileReference; lastKnownFileType = folder.assetcatalog; path = Assets.xcassets; sourceTree = "<group>"; };
		3AFD55B322C5228F0072EA01 /* Base */ = {isa = PBXFileReference; lastKnownFileType = file.storyboard; name = Base; path = Base.lproj/LaunchScreen.storyboard; sourceTree = "<group>"; };
		3AFD55B522C5228F0072EA01 /* Info.plist */ = {isa = PBXFileReference; lastKnownFileType = text.plist.xml; path = Info.plist; sourceTree = "<group>"; };
		3AFD55BD22C525800072EA01 /* AppleItemTableViewController.swift */ = {isa = PBXFileReference; lastKnownFileType = sourcecode.swift; path = AppleItemTableViewController.swift; sourceTree = "<group>"; };
		3AFD55C122C525FA0072EA01 /* AppleItemTableViewCell.swift */ = {isa = PBXFileReference; lastKnownFileType = sourcecode.swift; path = AppleItemTableViewCell.swift; sourceTree = "<group>"; };
		3AFD55C322C529AB0072EA01 /* AppleItem.swift */ = {isa = PBXFileReference; lastKnownFileType = sourcecode.swift; path = AppleItem.swift; sourceTree = "<group>"; };
		3AFD55C622C52C240072EA01 /* AppleItemController.swift */ = {isa = PBXFileReference; lastKnownFileType = sourcecode.swift; path = AppleItemController.swift; sourceTree = "<group>"; };
/* End PBXFileReference section */

/* Begin PBXFrameworksBuildPhase section */
		3AFD55A322C5228E0072EA01 /* Frameworks */ = {
			isa = PBXFrameworksBuildPhase;
			buildActionMask = 2147483647;
			files = (
			);
			runOnlyForDeploymentPostprocessing = 0;
		};
/* End PBXFrameworksBuildPhase section */

/* Begin PBXGroup section */
		3AFD559D22C5228E0072EA01 = {
			isa = PBXGroup;
			children = (
				3AFD55A822C5228E0072EA01 /* AppleSearch27 */,
				3AFD55A722C5228E0072EA01 /* Products */,
			);
			sourceTree = "<group>";
		};
		3AFD55A722C5228E0072EA01 /* Products */ = {
			isa = PBXGroup;
			children = (
				3AFD55A622C5228E0072EA01 /* AppleSearch27.app */,
			);
			name = Products;
			sourceTree = "<group>";
		};
		3AFD55A822C5228E0072EA01 /* AppleSearch27 */ = {
			isa = PBXGroup;
			children = (
				3AFD55C522C52C0F0072EA01 /* Models */,
				3AFD55BC22C5230B0072EA01 /* Views */,
				3AFD55BF22C525830072EA01 /* Controllers */,
				3AFD55BB22C522FE0072EA01 /* Resources */,
			);
			path = AppleSearch27;
			sourceTree = "<group>";
		};
		3AFD55BB22C522FE0072EA01 /* Resources */ = {
			isa = PBXGroup;
			children = (
				3AFD55A922C5228E0072EA01 /* AppDelegate.swift */,
				3AFD55B022C5228F0072EA01 /* Assets.xcassets */,
				3AFD55B222C5228F0072EA01 /* LaunchScreen.storyboard */,
				3AFD55B522C5228F0072EA01 /* Info.plist */,
			);
			path = Resources;
			sourceTree = "<group>";
		};
		3AFD55BC22C5230B0072EA01 /* Views */ = {
			isa = PBXGroup;
			children = (
				3AFD55C122C525FA0072EA01 /* AppleItemTableViewCell.swift */,
				3AFD55AD22C5228E0072EA01 /* Main.storyboard */,
			);
			path = Views;
			sourceTree = "<group>";
		};
		3AFD55BF22C525830072EA01 /* Controllers */ = {
			isa = PBXGroup;
			children = (
				3AFD55C022C5258A0072EA01 /* View Controllers */,
				3AFD55C822C539170072EA01 /* Model Controllers */,
			);
			path = Controllers;
			sourceTree = "<group>";
		};
		3AFD55C022C5258A0072EA01 /* View Controllers */ = {
			isa = PBXGroup;
			children = (
				3AFD55BD22C525800072EA01 /* AppleItemTableViewController.swift */,
			);
			path = "View Controllers";
			sourceTree = "<group>";
		};
		3AFD55C522C52C0F0072EA01 /* Models */ = {
			isa = PBXGroup;
			children = (
				3AFD55C322C529AB0072EA01 /* AppleItem.swift */,
			);
			path = Models;
			sourceTree = "<group>";
		};
		3AFD55C822C539170072EA01 /* Model Controllers */ = {
			isa = PBXGroup;
			children = (
				3AFD55C622C52C240072EA01 /* AppleItemController.swift */,
			);
			path = "Model Controllers";
			sourceTree = "<group>";
		};
/* End PBXGroup section */

/* Begin PBXNativeTarget section */
		3AFD55A522C5228E0072EA01 /* AppleSearch27 */ = {
			isa = PBXNativeTarget;
			buildConfigurationList = 3AFD55B822C5228F0072EA01 /* Build configuration list for PBXNativeTarget "AppleSearch27" */;
			buildPhases = (
				3AFD55A222C5228E0072EA01 /* Sources */,
				3AFD55A322C5228E0072EA01 /* Frameworks */,
				3AFD55A422C5228E0072EA01 /* Resources */,
			);
			buildRules = (
			);
			dependencies = (
			);
			name = AppleSearch27;
			productName = AppleSearch27;
			productReference = 3AFD55A622C5228E0072EA01 /* AppleSearch27.app */;
			productType = "com.apple.product-type.application";
		};
/* End PBXNativeTarget section */

/* Begin PBXProject section */
		3AFD559E22C5228E0072EA01 /* Project object */ = {
			isa = PBXProject;
			attributes = {
				LastSwiftUpdateCheck = 1020;
				LastUpgradeCheck = 1020;
				ORGANIZATIONNAME = "Drew Seeholzer";
				TargetAttributes = {
					3AFD55A522C5228E0072EA01 = {
						CreatedOnToolsVersion = 10.2.1;
					};
				};
			};
			buildConfigurationList = 3AFD55A122C5228E0072EA01 /* Build configuration list for PBXProject "AppleSearch27" */;
			compatibilityVersion = "Xcode 9.3";
			developmentRegion = en;
			hasScannedForEncodings = 0;
			knownRegions = (
				en,
				Base,
			);
			mainGroup = 3AFD559D22C5228E0072EA01;
			productRefGroup = 3AFD55A722C5228E0072EA01 /* Products */;
			projectDirPath = "";
			projectRoot = "";
			targets = (
				3AFD55A522C5228E0072EA01 /* AppleSearch27 */,
			);
		};
/* End PBXProject section */

/* Begin PBXResourcesBuildPhase section */
		3AFD55A422C5228E0072EA01 /* Resources */ = {
			isa = PBXResourcesBuildPhase;
			buildActionMask = 2147483647;
			files = (
				3AFD55B422C5228F0072EA01 /* LaunchScreen.storyboard in Resources */,
				3AFD55B122C5228F0072EA01 /* Assets.xcassets in Resources */,
				3AFD55AF22C5228E0072EA01 /* Main.storyboard in Resources */,
			);
			runOnlyForDeploymentPostprocessing = 0;
		};
/* End PBXResourcesBuildPhase section */

/* Begin PBXSourcesBuildPhase section */
		3AFD55A222C5228E0072EA01 /* Sources */ = {
			isa = PBXSourcesBuildPhase;
			buildActionMask = 2147483647;
			files = (
				3AFD55C222C525FA0072EA01 /* AppleItemTableViewCell.swift in Sources */,
				3AFD55C722C52C240072EA01 /* AppleItemController.swift in Sources */,
				3AFD55AA22C5228E0072EA01 /* AppDelegate.swift in Sources */,
				3AFD55BE22C525800072EA01 /* AppleItemTableViewController.swift in Sources */,
				3AFD55C422C529AB0072EA01 /* AppleItem.swift in Sources */,
			);
			runOnlyForDeploymentPostprocessing = 0;
		};
/* End PBXSourcesBuildPhase section */

/* Begin PBXVariantGroup section */
		3AFD55AD22C5228E0072EA01 /* Main.storyboard */ = {
			isa = PBXVariantGroup;
			children = (
				3AFD55AE22C5228E0072EA01 /* Base */,
			);
			name = Main.storyboard;
			sourceTree = "<group>";
		};
		3AFD55B222C5228F0072EA01 /* LaunchScreen.storyboard */ = {
			isa = PBXVariantGroup;
			children = (
				3AFD55B322C5228F0072EA01 /* Base */,
			);
			name = LaunchScreen.storyboard;
			sourceTree = "<group>";
		};
/* End PBXVariantGroup section */

/* Begin XCBuildConfiguration section */
		3AFD55B622C5228F0072EA01 /* Debug */ = {
			isa = XCBuildConfiguration;
			buildSettings = {
				ALWAYS_SEARCH_USER_PATHS = NO;
				CLANG_ANALYZER_NONNULL = YES;
				CLANG_ANALYZER_NUMBER_OBJECT_CONVERSION = YES_AGGRESSIVE;
				CLANG_CXX_LANGUAGE_STANDARD = "gnu++14";
				CLANG_CXX_LIBRARY = "libc++";
				CLANG_ENABLE_MODULES = YES;
				CLANG_ENABLE_OBJC_ARC = YES;
				CLANG_ENABLE_OBJC_WEAK = YES;
				CLANG_WARN_BLOCK_CAPTURE_AUTORELEASING = YES;
				CLANG_WARN_BOOL_CONVERSION = YES;
				CLANG_WARN_COMMA = YES;
				CLANG_WARN_CONSTANT_CONVERSION = YES;
				CLANG_WARN_DEPRECATED_OBJC_IMPLEMENTATIONS = YES;
				CLANG_WARN_DIRECT_OBJC_ISA_USAGE = YES_ERROR;
				CLANG_WARN_DOCUMENTATION_COMMENTS = YES;
				CLANG_WARN_EMPTY_BODY = YES;
				CLANG_WARN_ENUM_CONVERSION = YES;
				CLANG_WARN_INFINITE_RECURSION = YES;
				CLANG_WARN_INT_CONVERSION = YES;
				CLANG_WARN_NON_LITERAL_NULL_CONVERSION = YES;
				CLANG_WARN_OBJC_IMPLICIT_RETAIN_SELF = YES;
				CLANG_WARN_OBJC_LITERAL_CONVERSION = YES;
				CLANG_WARN_OBJC_ROOT_CLASS = YES_ERROR;
				CLANG_WARN_RANGE_LOOP_ANALYSIS = YES;
				CLANG_WARN_STRICT_PROTOTYPES = YES;
				CLANG_WARN_SUSPICIOUS_MOVE = YES;
				CLANG_WARN_UNGUARDED_AVAILABILITY = YES_AGGRESSIVE;
				CLANG_WARN_UNREACHABLE_CODE = YES;
				CLANG_WARN__DUPLICATE_METHOD_MATCH = YES;
				CODE_SIGN_IDENTITY = "iPhone Developer";
				COPY_PHASE_STRIP = NO;
				DEBUG_INFORMATION_FORMAT = dwarf;
				ENABLE_STRICT_OBJC_MSGSEND = YES;
				ENABLE_TESTABILITY = YES;
				GCC_C_LANGUAGE_STANDARD = gnu11;
				GCC_DYNAMIC_NO_PIC = NO;
				GCC_NO_COMMON_BLOCKS = YES;
				GCC_OPTIMIZATION_LEVEL = 0;
				GCC_PREPROCESSOR_DEFINITIONS = (
					"DEBUG=1",
					"$(inherited)",
				);
				GCC_WARN_64_TO_32_BIT_CONVERSION = YES;
				GCC_WARN_ABOUT_RETURN_TYPE = YES_ERROR;
				GCC_WARN_UNDECLARED_SELECTOR = YES;
				GCC_WARN_UNINITIALIZED_AUTOS = YES_AGGRESSIVE;
				GCC_WARN_UNUSED_FUNCTION = YES;
				GCC_WARN_UNUSED_VARIABLE = YES;
				IPHONEOS_DEPLOYMENT_TARGET = 12.2;
				MTL_ENABLE_DEBUG_INFO = INCLUDE_SOURCE;
				MTL_FAST_MATH = YES;
				ONLY_ACTIVE_ARCH = YES;
				SDKROOT = iphoneos;
				SWIFT_ACTIVE_COMPILATION_CONDITIONS = DEBUG;
				SWIFT_OPTIMIZATION_LEVEL = "-Onone";
			};
			name = Debug;
		};
		3AFD55B722C5228F0072EA01 /* Release */ = {
			isa = XCBuildConfiguration;
			buildSettings = {
				ALWAYS_SEARCH_USER_PATHS = NO;
				CLANG_ANALYZER_NONNULL = YES;
				CLANG_ANALYZER_NUMBER_OBJECT_CONVERSION = YES_AGGRESSIVE;
				CLANG_CXX_LANGUAGE_STANDARD = "gnu++14";
				CLANG_CXX_LIBRARY = "libc++";
				CLANG_ENABLE_MODULES = YES;
				CLANG_ENABLE_OBJC_ARC = YES;
				CLANG_ENABLE_OBJC_WEAK = YES;
				CLANG_WARN_BLOCK_CAPTURE_AUTORELEASING = YES;
				CLANG_WARN_BOOL_CONVERSION = YES;
				CLANG_WARN_COMMA = YES;
				CLANG_WARN_CONSTANT_CONVERSION = YES;
				CLANG_WARN_DEPRECATED_OBJC_IMPLEMENTATIONS = YES;
				CLANG_WARN_DIRECT_OBJC_ISA_USAGE = YES_ERROR;
				CLANG_WARN_DOCUMENTATION_COMMENTS = YES;
				CLANG_WARN_EMPTY_BODY = YES;
				CLANG_WARN_ENUM_CONVERSION = YES;
				CLANG_WARN_INFINITE_RECURSION = YES;
				CLANG_WARN_INT_CONVERSION = YES;
				CLANG_WARN_NON_LITERAL_NULL_CONVERSION = YES;
				CLANG_WARN_OBJC_IMPLICIT_RETAIN_SELF = YES;
				CLANG_WARN_OBJC_LITERAL_CONVERSION = YES;
				CLANG_WARN_OBJC_ROOT_CLASS = YES_ERROR;
				CLANG_WARN_RANGE_LOOP_ANALYSIS = YES;
				CLANG_WARN_STRICT_PROTOTYPES = YES;
				CLANG_WARN_SUSPICIOUS_MOVE = YES;
				CLANG_WARN_UNGUARDED_AVAILABILITY = YES_AGGRESSIVE;
				CLANG_WARN_UNREACHABLE_CODE = YES;
				CLANG_WARN__DUPLICATE_METHOD_MATCH = YES;
				CODE_SIGN_IDENTITY = "iPhone Developer";
				COPY_PHASE_STRIP = NO;
				DEBUG_INFORMATION_FORMAT = "dwarf-with-dsym";
				ENABLE_NS_ASSERTIONS = NO;
				ENABLE_STRICT_OBJC_MSGSEND = YES;
				GCC_C_LANGUAGE_STANDARD = gnu11;
				GCC_NO_COMMON_BLOCKS = YES;
				GCC_WARN_64_TO_32_BIT_CONVERSION = YES;
				GCC_WARN_ABOUT_RETURN_TYPE = YES_ERROR;
				GCC_WARN_UNDECLARED_SELECTOR = YES;
				GCC_WARN_UNINITIALIZED_AUTOS = YES_AGGRESSIVE;
				GCC_WARN_UNUSED_FUNCTION = YES;
				GCC_WARN_UNUSED_VARIABLE = YES;
				IPHONEOS_DEPLOYMENT_TARGET = 12.2;
				MTL_ENABLE_DEBUG_INFO = NO;
				MTL_FAST_MATH = YES;
				SDKROOT = iphoneos;
				SWIFT_COMPILATION_MODE = wholemodule;
				SWIFT_OPTIMIZATION_LEVEL = "-O";
				VALIDATE_PRODUCT = YES;
			};
			name = Release;
		};
		3AFD55B922C5228F0072EA01 /* Debug */ = {
			isa = XCBuildConfiguration;
			buildSettings = {
				ASSETCATALOG_COMPILER_APPICON_NAME = AppIcon;
				CODE_SIGN_STYLE = Automatic;
				DEVELOPMENT_TEAM = 49NKW8MQX9;
				INFOPLIST_FILE = "$(SRCROOT)/AppleSearch27/Resources/Info.plist";
				LD_RUNPATH_SEARCH_PATHS = (
					"$(inherited)",
					"@executable_path/Frameworks",
				);
				PRODUCT_BUNDLE_IDENTIFIER = Uhhhh.AppleSearch27;
				PRODUCT_NAME = "$(TARGET_NAME)";
				SWIFT_VERSION = 5.0;
				TARGETED_DEVICE_FAMILY = "1,2";
			};
			name = Debug;
		};
		3AFD55BA22C5228F0072EA01 /* Release */ = {
			isa = XCBuildConfiguration;
			buildSettings = {
				ASSETCATALOG_COMPILER_APPICON_NAME = AppIcon;
				CODE_SIGN_STYLE = Automatic;
				DEVELOPMENT_TEAM = 49NKW8MQX9;
				INFOPLIST_FILE = "$(SRCROOT)/AppleSearch27/Resources/Info.plist";
				LD_RUNPATH_SEARCH_PATHS = (
					"$(inherited)",
					"@executable_path/Frameworks",
				);
				PRODUCT_BUNDLE_IDENTIFIER = Uhhhh.AppleSearch27;
				PRODUCT_NAME = "$(TARGET_NAME)";
				SWIFT_VERSION = 5.0;
				TARGETED_DEVICE_FAMILY = "1,2";
			};
			name = Release;
		};
/* End XCBuildConfiguration section */

/* Begin XCConfigurationList section */
		3AFD55A122C5228E0072EA01 /* Build configuration list for PBXProject "AppleSearch27" */ = {
			isa = XCConfigurationList;
			buildConfigurations = (
				3AFD55B622C5228F0072EA01 /* Debug */,
				3AFD55B722C5228F0072EA01 /* Release */,
			);
			defaultConfigurationIsVisible = 0;
			defaultConfigurationName = Release;
		};
		3AFD55B822C5228F0072EA01 /* Build configuration list for PBXNativeTarget "AppleSearch27" */ = {
			isa = XCConfigurationList;
			buildConfigurations = (
				3AFD55B922C5228F0072EA01 /* Debug */,
				3AFD55BA22C5228F0072EA01 /* Release */,
			);
			defaultConfigurationIsVisible = 0;
			defaultConfigurationName = Release;
		};
/* End XCConfigurationList section */
	};
	rootObject = 3AFD559E22C5228E0072EA01 /* Project object */;
}
